
Microsoft Visual Studio Solution File, Format Version 12.00
# Visual Studio 15
VisualStudioVersion = 15.0.27428.2005
MinimumVisualStudioVersion = 10.0.40219.1
Project("{FAE04EC0-301F-11D3-BF4B-00C04F79EFBC}") = "ImageService", "MyNewService\ImageService.csproj", "{D3CA2A5B-6090-4D2E-B874-E6DE84092E9F}"
EndProject
Project("{FAE04EC0-301F-11D3-BF4B-00C04F79EFBC}") = "GUI_ImageService", "GUI_ImageService\GUI_ImageService.csproj", "{A3826038-FCD0-4A32-A832-C75BBAD8E328}"
EndProject
Project("{FAE04EC0-301F-11D3-BF4B-00C04F79EFBC}") = "Web", "Web\Web.csproj", "{02D2757B-5D6B-4DE2-9991-60D34FA10BA4}"
EndProject
Project("{FAE04EC0-301F-11D3-BF4B-00C04F79EFBC}") = "ServerTest", "ServerTest\ServerTest.csproj", "{8D3EECB2-5200-4974-908A-C628AB3277F2}"
EndProject
Global
	GlobalSection(SolutionConfigurationPlatforms) = preSolution
		Debug|Any CPU = Debug|Any CPU
		Release|Any CPU = Release|Any CPU
	EndGlobalSection
	GlobalSection(ProjectConfigurationPlatforms) = postSolution
		{D3CA2A5B-6090-4D2E-B874-E6DE84092E9F}.Debug|Any CPU.ActiveCfg = Debug|Any CPU
		{D3CA2A5B-6090-4D2E-B874-E6DE84092E9F}.Debug|Any CPU.Build.0 = Debug|Any CPU
		{D3CA2A5B-6090-4D2E-B874-E6DE84092E9F}.Release|Any CPU.ActiveCfg = Release|Any CPU
		{D3CA2A5B-6090-4D2E-B874-E6DE84092E9F}.Release|Any CPU.Build.0 = Release|Any CPU
		{A3826038-FCD0-4A32-A832-C75BBAD8E328}.Debug|Any CPU.ActiveCfg = Debug|Any CPU
		{A3826038-FCD0-4A32-A832-C75BBAD8E328}.Debug|Any CPU.Build.0 = Debug|Any CPU
		{A3826038-FCD0-4A32-A832-C75BBAD8E328}.Release|Any CPU.ActiveCfg = Release|Any CPU
		{A3826038-FCD0-4A32-A832-C75BBAD8E328}.Release|Any CPU.Build.0 = Release|Any CPU
		{02D2757B-5D6B-4DE2-9991-60D34FA10BA4}.Debug|Any CPU.ActiveCfg = Debug|Any CPU
		{02D2757B-5D6B-4DE2-9991-60D34FA10BA4}.Debug|Any CPU.Build.0 = Debug|Any CPU
		{02D2757B-5D6B-4DE2-9991-60D34FA10BA4}.Release|Any CPU.ActiveCfg = Release|Any CPU
		{02D2757B-5D6B-4DE2-9991-60D34FA10BA4}.Release|Any CPU.Build.0 = Release|Any CPU
		{8D3EECB2-5200-4974-908A-C628AB3277F2}.Debug|Any CPU.ActiveCfg = Debug|Any CPU
		{8D3EECB2-5200-4974-908A-C628AB3277F2}.Debug|Any CPU.Build.0 = Debug|Any CPU
		{8D3EECB2-5200-4974-908A-C628AB3277F2}.Release|Any CPU.ActiveCfg = Release|Any CPU
		{8D3EECB2-5200-4974-908A-C628AB3277F2}.Release|Any CPU.Build.0 = Release|Any CPU
	EndGlobalSection
	GlobalSection(SolutionProperties) = preSolution
		HideSolutionNode = FALSE
	EndGlobalSection
	GlobalSection(ExtensibilityGlobals) = postSolution
		SolutionGuid = {399FCBBF-017B-4F2B-BEA2-EE5BD91C3DD6}
	EndGlobalSection
EndGlobal
